// !$*UTF8*$!
{
	archiveVersion = 1;
	classes = {
	};
	objectVersion = 55;
	objects = {

/* Begin PBXBuildFile section */
		4962161C28F7606C0065A4CB /* AppDelegate.swift in Sources */ = {isa = PBXBuildFile; fileRef = 4962161B28F7606C0065A4CB /* AppDelegate.swift */; };
		4962162028F7606C0065A4CB /* ViewController.swift in Sources */ = {isa = PBXBuildFile; fileRef = 4962161F28F7606C0065A4CB /* ViewController.swift */; };
		4962162528F7606D0065A4CB /* Assets.xcassets in Resources */ = {isa = PBXBuildFile; fileRef = 4962162428F7606D0065A4CB /* Assets.xcassets */; };
		4962162828F7606D0065A4CB /* LaunchScreen.storyboard in Resources */ = {isa = PBXBuildFile; fileRef = 4962162628F7606D0065A4CB /* LaunchScreen.storyboard */; };
		497FEC8428F7620A00AA0FE9 /* InfoViewController.swift in Sources */ = {isa = PBXBuildFile; fileRef = 497FEC8328F7620A00AA0FE9 /* InfoViewController.swift */; };
		497FEC8628F7624B00AA0FE9 /* HabitViewController.swift in Sources */ = {isa = PBXBuildFile; fileRef = 497FEC8528F7624B00AA0FE9 /* HabitViewController.swift */; };
		497FEC8828F7626A00AA0FE9 /* HabitsViewController.swift in Sources */ = {isa = PBXBuildFile; fileRef = 497FEC8728F7626A00AA0FE9 /* HabitsViewController.swift */; };
		497FEC8B28F762B200AA0FE9 /* HabitsStore.swift in Sources */ = {isa = PBXBuildFile; fileRef = 497FEC8A28F762B200AA0FE9 /* HabitsStore.swift */; };
		497FEC8D28F762BE00AA0FE9 /* Hooks.swift in Sources */ = {isa = PBXBuildFile; fileRef = 497FEC8C28F762BE00AA0FE9 /* Hooks.swift */; };
		497FEC9028F7630400AA0FE9 /* HabitDetailsViewController.swift in Sources */ = {isa = PBXBuildFile; fileRef = 497FEC8F28F7630400AA0FE9 /* HabitDetailsViewController.swift */; };
		497FEC9228F7632500AA0FE9 /* HabitTableViewCell.swift in Sources */ = {isa = PBXBuildFile; fileRef = 497FEC9128F7632500AA0FE9 /* HabitTableViewCell.swift */; };
		497FEC9428F7634400AA0FE9 /* HabitTableViewHeader.swift in Sources */ = {isa = PBXBuildFile; fileRef = 497FEC9328F7634400AA0FE9 /* HabitTableViewHeader.swift */; };
		497FEC9728F7639E00AA0FE9 /* HabitProgressViewCell.swift in Sources */ = {isa = PBXBuildFile; fileRef = 497FEC9628F7639E00AA0FE9 /* HabitProgressViewCell.swift */; };
		497FEC9928F763B200AA0FE9 /* HabitCollectionViewCell.swift in Sources */ = {isa = PBXBuildFile; fileRef = 497FEC9828F763B200AA0FE9 /* HabitCollectionViewCell.swift */; };
/* End PBXBuildFile section */

/* Begin PBXFileReference section */
		4962161828F7606C0065A4CB /* MyHabits.app */ = {isa = PBXFileReference; explicitFileType = wrapper.application; includeInIndex = 0; path = MyHabits.app; sourceTree = BUILT_PRODUCTS_DIR; };
		4962161B28F7606C0065A4CB /* AppDelegate.swift */ = {isa = PBXFileReference; lastKnownFileType = sourcecode.swift; path = AppDelegate.swift; sourceTree = "<group>"; };
		4962161F28F7606C0065A4CB /* ViewController.swift */ = {isa = PBXFileReference; lastKnownFileType = sourcecode.swift; path = ViewController.swift; sourceTree = "<group>"; };
		4962162428F7606D0065A4CB /* Assets.xcassets */ = {isa = PBXFileReference; lastKnownFileType = folder.assetcatalog; path = Assets.xcassets; sourceTree = "<group>"; };
		4962162728F7606D0065A4CB /* Base */ = {isa = PBXFileReference; lastKnownFileType = file.storyboard; name = Base; path = Base.lproj/LaunchScreen.storyboard; sourceTree = "<group>"; };
		4962162928F7606D0065A4CB /* Info.plist */ = {isa = PBXFileReference; lastKnownFileType = text.plist.xml; path = Info.plist; sourceTree = "<group>"; };
		497FEC8328F7620A00AA0FE9 /* InfoViewController.swift */ = {isa = PBXFileReference; lastKnownFileType = sourcecode.swift; path = InfoViewController.swift; sourceTree = "<group>"; };
		497FEC8528F7624B00AA0FE9 /* HabitViewController.swift */ = {isa = PBXFileReference; lastKnownFileType = sourcecode.swift; path = HabitViewController.swift; sourceTree = "<group>"; };
		497FEC8728F7626A00AA0FE9 /* HabitsViewController.swift */ = {isa = PBXFileReference; lastKnownFileType = sourcecode.swift; path = HabitsViewController.swift; sourceTree = "<group>"; };
		497FEC8A28F762B200AA0FE9 /* HabitsStore.swift */ = {isa = PBXFileReference; lastKnownFileType = sourcecode.swift; path = HabitsStore.swift; sourceTree = "<group>"; };
		497FEC8C28F762BE00AA0FE9 /* Hooks.swift */ = {isa = PBXFileReference; lastKnownFileType = sourcecode.swift; path = Hooks.swift; sourceTree = "<group>"; };
		497FEC8F28F7630400AA0FE9 /* HabitDetailsViewController.swift */ = {isa = PBXFileReference; lastKnownFileType = sourcecode.swift; path = HabitDetailsViewController.swift; sourceTree = "<group>"; };
		497FEC9128F7632500AA0FE9 /* HabitTableViewCell.swift */ = {isa = PBXFileReference; lastKnownFileType = sourcecode.swift; path = HabitTableViewCell.swift; sourceTree = "<group>"; };
		497FEC9328F7634400AA0FE9 /* HabitTableViewHeader.swift */ = {isa = PBXFileReference; lastKnownFileType = sourcecode.swift; path = HabitTableViewHeader.swift; sourceTree = "<group>"; };
		497FEC9628F7639E00AA0FE9 /* HabitProgressViewCell.swift */ = {isa = PBXFileReference; lastKnownFileType = sourcecode.swift; path = HabitProgressViewCell.swift; sourceTree = "<group>"; };
		497FEC9828F763B200AA0FE9 /* HabitCollectionViewCell.swift */ = {isa = PBXFileReference; lastKnownFileType = sourcecode.swift; path = HabitCollectionViewCell.swift; sourceTree = "<group>"; };
/* End PBXFileReference section */

/* Begin PBXFrameworksBuildPhase section */
		4962161528F7606C0065A4CB /* Frameworks */ = {
			isa = PBXFrameworksBuildPhase;
			buildActionMask = 2147483647;
			files = (
			);
			runOnlyForDeploymentPostprocessing = 0;
		};
/* End PBXFrameworksBuildPhase section */

/* Begin PBXGroup section */
		4962160F28F7606C0065A4CB = {
			isa = PBXGroup;
			children = (
				4962161A28F7606C0065A4CB /* MyHabits */,
				4962161928F7606C0065A4CB /* Products */,
			);
			sourceTree = "<group>";
		};
		4962161928F7606C0065A4CB /* Products */ = {
			isa = PBXGroup;
			children = (
				4962161828F7606C0065A4CB /* MyHabits.app */,
			);
			name = Products;
			sourceTree = "<group>";
		};
		4962161A28F7606C0065A4CB /* MyHabits */ = {
			isa = PBXGroup;
			children = (
				497FEC8E28F762CF00AA0FE9 /* Data */,
				497FEC9A28F763C500AA0FE9 /* HabitCollection */,
				497FEC9528F7635E00AA0FE9 /* HabitsDetail */,
				497FEC8928F7628600AA0FE9 /* ViewControllers */,
				4962161B28F7606C0065A4CB /* AppDelegate.swift */,
				4962161F28F7606C0065A4CB /* ViewController.swift */,
				4962162428F7606D0065A4CB /* Assets.xcassets */,
				4962162628F7606D0065A4CB /* LaunchScreen.storyboard */,
				4962162928F7606D0065A4CB /* Info.plist */,
			);
			path = MyHabits;
			sourceTree = "<group>";
		};
		497FEC8928F7628600AA0FE9 /* ViewControllers */ = {
			isa = PBXGroup;
			children = (
				497FEC8728F7626A00AA0FE9 /* HabitsViewController.swift */,
				497FEC8528F7624B00AA0FE9 /* HabitViewController.swift */,
				497FEC8328F7620A00AA0FE9 /* InfoViewController.swift */,
			);
			path = ViewControllers;
			sourceTree = "<group>";
		};
		497FEC8E28F762CF00AA0FE9 /* Data */ = {
			isa = PBXGroup;
			children = (
				497FEC8C28F762BE00AA0FE9 /* Hooks.swift */,
				497FEC8A28F762B200AA0FE9 /* HabitsStore.swift */,
			);
			path = Data;
			sourceTree = "<group>";
		};
		497FEC9528F7635E00AA0FE9 /* HabitsDetail */ = {
			isa = PBXGroup;
			children = (
				497FEC9328F7634400AA0FE9 /* HabitTableViewHeader.swift */,
				497FEC9128F7632500AA0FE9 /* HabitTableViewCell.swift */,
				497FEC8F28F7630400AA0FE9 /* HabitDetailsViewController.swift */,
			);
			path = HabitsDetail;
			sourceTree = "<group>";
		};
		497FEC9A28F763C500AA0FE9 /* HabitCollection */ = {
			isa = PBXGroup;
			children = (
				497FEC9628F7639E00AA0FE9 /* HabitProgressViewCell.swift */,
				497FEC9828F763B200AA0FE9 /* HabitCollectionViewCell.swift */,
			);
			path = HabitCollection;
			sourceTree = "<group>";
		};
/* End PBXGroup section */

/* Begin PBXNativeTarget section */
		4962161728F7606C0065A4CB /* MyHabits */ = {
			isa = PBXNativeTarget;
			buildConfigurationList = 4962162C28F7606D0065A4CB /* Build configuration list for PBXNativeTarget "MyHabits" */;
			buildPhases = (
				4962161428F7606C0065A4CB /* Sources */,
				4962161528F7606C0065A4CB /* Frameworks */,
				4962161628F7606C0065A4CB /* Resources */,
			);
			buildRules = (
			);
			dependencies = (
			);
			name = MyHabits;
			productName = MyHabits;
			productReference = 4962161828F7606C0065A4CB /* MyHabits.app */;
			productType = "com.apple.product-type.application";
		};
/* End PBXNativeTarget section */

/* Begin PBXProject section */
		4962161028F7606C0065A4CB /* Project object */ = {
			isa = PBXProject;
			attributes = {
				BuildIndependentTargetsInParallel = 1;
				LastSwiftUpdateCheck = 1340;
				LastUpgradeCheck = 1340;
				TargetAttributes = {
					4962161728F7606C0065A4CB = {
						CreatedOnToolsVersion = 13.4.1;
					};
				};
			};
			buildConfigurationList = 4962161328F7606C0065A4CB /* Build configuration list for PBXProject "MyHabits" */;
			compatibilityVersion = "Xcode 13.0";
			developmentRegion = en;
			hasScannedForEncodings = 0;
			knownRegions = (
				en,
				Base,
			);
			mainGroup = 4962160F28F7606C0065A4CB;
			productRefGroup = 4962161928F7606C0065A4CB /* Products */;
			projectDirPath = "";
			projectRoot = "";
			targets = (
				4962161728F7606C0065A4CB /* MyHabits */,
			);
		};
/* End PBXProject section */

/* Begin PBXResourcesBuildPhase section */
		4962161628F7606C0065A4CB /* Resources */ = {
			isa = PBXResourcesBuildPhase;
			buildActionMask = 2147483647;
			files = (
				4962162828F7606D0065A4CB /* LaunchScreen.storyboard in Resources */,
				4962162528F7606D0065A4CB /* Assets.xcassets in Resources */,
			);
			runOnlyForDeploymentPostprocessing = 0;
		};
/* End PBXResourcesBuildPhase section */

/* Begin PBXSourcesBuildPhase section */
		4962161428F7606C0065A4CB /* Sources */ = {
			isa = PBXSourcesBuildPhase;
			buildActionMask = 2147483647;
			files = (
				497FEC9028F7630400AA0FE9 /* HabitDetailsViewController.swift in Sources */,
				497FEC8D28F762BE00AA0FE9 /* Hooks.swift in Sources */,
				497FEC8B28F762B200AA0FE9 /* HabitsStore.swift in Sources */,
				497FEC9428F7634400AA0FE9 /* HabitTableViewHeader.swift in Sources */,
				4962162028F7606C0065A4CB /* ViewController.swift in Sources */,
				497FEC9228F7632500AA0FE9 /* HabitTableViewCell.swift in Sources */,
				497FEC8428F7620A00AA0FE9 /* InfoViewController.swift in Sources */,
				4962161C28F7606C0065A4CB /* AppDelegate.swift in Sources */,
				497FEC8828F7626A00AA0FE9 /* HabitsViewController.swift in Sources */,
				497FEC9728F7639E00AA0FE9 /* HabitProgressViewCell.swift in Sources */,
				497FEC8628F7624B00AA0FE9 /* HabitViewController.swift in Sources */,
				497FEC9928F763B200AA0FE9 /* HabitCollectionViewCell.swift in Sources */,
			);
			runOnlyForDeploymentPostprocessing = 0;
		};
/* End PBXSourcesBuildPhase section */

/* Begin PBXVariantGroup section */
		4962162628F7606D0065A4CB /* LaunchScreen.storyboard */ = {
			isa = PBXVariantGroup;
			children = (
				4962162728F7606D0065A4CB /* Base */,
			);
			name = LaunchScreen.storyboard;
			sourceTree = "<group>";
		};
/* End PBXVariantGroup section */

/* Begin XCBuildConfiguration section */
		4962162A28F7606D0065A4CB /* Debug */ = {
			isa = XCBuildConfiguration;
			buildSettings = {
				ALWAYS_SEARCH_USER_PATHS = NO;
				CLANG_ANALYZER_NONNULL = YES;
				CLANG_ANALYZER_NUMBER_OBJECT_CONVERSION = YES_AGGRESSIVE;
				CLANG_CXX_LANGUAGE_STANDARD = "gnu++17";
				CLANG_ENABLE_MODULES = YES;
				CLANG_ENABLE_OBJC_ARC = YES;
				CLANG_ENABLE_OBJC_WEAK = YES;
				CLANG_WARN_BLOCK_CAPTURE_AUTORELEASING = YES;
				CLANG_WARN_BOOL_CONVERSION = YES;
				CLANG_WARN_COMMA = YES;
				CLANG_WARN_CONSTANT_CONVERSION = YES;
				CLANG_WARN_DEPRECATED_OBJC_IMPLEMENTATIONS = YES;
				CLANG_WARN_DIRECT_OBJC_ISA_USAGE = YES_ERROR;
				CLANG_WARN_DOCUMENTATION_COMMENTS = YES;
				CLANG_WARN_EMPTY_BODY = YES;
				CLANG_WARN_ENUM_CONVERSION = YES;
				CLANG_WARN_INFINITE_RECURSION = YES;
				CLANG_WARN_INT_CONVERSION = YES;
				CLANG_WARN_NON_LITERAL_NULL_CONVERSION = YES;
				CLANG_WARN_OBJC_IMPLICIT_RETAIN_SELF = YES;
				CLANG_WARN_OBJC_LITERAL_CONVERSION = YES;
				CLANG_WARN_OBJC_ROOT_CLASS = YES_ERROR;
				CLANG_WARN_QUOTED_INCLUDE_IN_FRAMEWORK_HEADER = YES;
				CLANG_WARN_RANGE_LOOP_ANALYSIS = YES;
				CLANG_WARN_STRICT_PROTOTYPES = YES;
				CLANG_WARN_SUSPICIOUS_MOVE = YES;
				CLANG_WARN_UNGUARDED_AVAILABILITY = YES_AGGRESSIVE;
				CLANG_WARN_UNREACHABLE_CODE = YES;
				CLANG_WARN__DUPLICATE_METHOD_MATCH = YES;
				COPY_PHASE_STRIP = NO;
				DEBUG_INFORMATION_FORMAT = dwarf;
				ENABLE_STRICT_OBJC_MSGSEND = YES;
				ENABLE_TESTABILITY = YES;
				GCC_C_LANGUAGE_STANDARD = gnu11;
				GCC_DYNAMIC_NO_PIC = NO;
				GCC_NO_COMMON_BLOCKS = YES;
				GCC_OPTIMIZATION_LEVEL = 0;
				GCC_PREPROCESSOR_DEFINITIONS = (
					"DEBUG=1",
					"$(inherited)",
				);
				GCC_WARN_64_TO_32_BIT_CONVERSION = YES;
				GCC_WARN_ABOUT_RETURN_TYPE = YES_ERROR;
				GCC_WARN_UNDECLARED_SELECTOR = YES;
				GCC_WARN_UNINITIALIZED_AUTOS = YES_AGGRESSIVE;
				GCC_WARN_UNUSED_FUNCTION = YES;
				GCC_WARN_UNUSED_VARIABLE = YES;
				IPHONEOS_DEPLOYMENT_TARGET = 15.5;
				MTL_ENABLE_DEBUG_INFO = INCLUDE_SOURCE;
				MTL_FAST_MATH = YES;
				ONLY_ACTIVE_ARCH = YES;
				SDKROOT = iphoneos;
				SWIFT_ACTIVE_COMPILATION_CONDITIONS = DEBUG;
				SWIFT_OPTIMIZATION_LEVEL = "-Onone";
			};
			name = Debug;
		};
		4962162B28F7606D0065A4CB /* Release */ = {
			isa = XCBuildConfiguration;
			buildSettings = {
				ALWAYS_SEARCH_USER_PATHS = NO;
				CLANG_ANALYZER_NONNULL = YES;
				CLANG_ANALYZER_NUMBER_OBJECT_CONVERSION = YES_AGGRESSIVE;
				CLANG_CXX_LANGUAGE_STANDARD = "gnu++17";
				CLANG_ENABLE_MODULES = YES;
				CLANG_ENABLE_OBJC_ARC = YES;
				CLANG_ENABLE_OBJC_WEAK = YES;
				CLANG_WARN_BLOCK_CAPTURE_AUTORELEASING = YES;
				CLANG_WARN_BOOL_CONVERSION = YES;
				CLANG_WARN_COMMA = YES;
				CLANG_WARN_CONSTANT_CONVERSION = YES;
				CLANG_WARN_DEPRECATED_OBJC_IMPLEMENTATIONS = YES;
				CLANG_WARN_DIRECT_OBJC_ISA_USAGE = YES_ERROR;
				CLANG_WARN_DOCUMENTATION_COMMENTS = YES;
				CLANG_WARN_EMPTY_BODY = YES;
				CLANG_WARN_ENUM_CONVERSION = YES;
				CLANG_WARN_INFINITE_RECURSION = YES;
				CLANG_WARN_INT_CONVERSION = YES;
				CLANG_WARN_NON_LITERAL_NULL_CONVERSION = YES;
				CLANG_WARN_OBJC_IMPLICIT_RETAIN_SELF = YES;
				CLANG_WARN_OBJC_LITERAL_CONVERSION = YES;
				CLANG_WARN_OBJC_ROOT_CLASS = YES_ERROR;
				CLANG_WARN_QUOTED_INCLUDE_IN_FRAMEWORK_HEADER = YES;
				CLANG_WARN_RANGE_LOOP_ANALYSIS = YES;
				CLANG_WARN_STRICT_PROTOTYPES = YES;
				CLANG_WARN_SUSPICIOUS_MOVE = YES;
				CLANG_WARN_UNGUARDED_AVAILABILITY = YES_AGGRESSIVE;
				CLANG_WARN_UNREACHABLE_CODE = YES;
				CLANG_WARN__DUPLICATE_METHOD_MATCH = YES;
				COPY_PHASE_STRIP = NO;
				DEBUG_INFORMATION_FORMAT = "dwarf-with-dsym";
				ENABLE_NS_ASSERTIONS = NO;
				ENABLE_STRICT_OBJC_MSGSEND = YES;
				GCC_C_LANGUAGE_STANDARD = gnu11;
				GCC_NO_COMMON_BLOCKS = YES;
				GCC_WARN_64_TO_32_BIT_CONVERSION = YES;
				GCC_WARN_ABOUT_RETURN_TYPE = YES_ERROR;
				GCC_WARN_UNDECLARED_SELECTOR = YES;
				GCC_WARN_UNINITIALIZED_AUTOS = YES_AGGRESSIVE;
				GCC_WARN_UNUSED_FUNCTION = YES;
				GCC_WARN_UNUSED_VARIABLE = YES;
				IPHONEOS_DEPLOYMENT_TARGET = 15.5;
				MTL_ENABLE_DEBUG_INFO = NO;
				MTL_FAST_MATH = YES;
				SDKROOT = iphoneos;
				SWIFT_COMPILATION_MODE = wholemodule;
				SWIFT_OPTIMIZATION_LEVEL = "-O";
				VALIDATE_PRODUCT = YES;
			};
			name = Release;
		};
		4962162D28F7606D0065A4CB /* Debug */ = {
			isa = XCBuildConfiguration;
			buildSettings = {
				ASSETCATALOG_COMPILER_APPICON_NAME = AppIcon;
				ASSETCATALOG_COMPILER_GLOBAL_ACCENT_COLOR_NAME = AccentColor;
				CODE_SIGN_STYLE = Automatic;
				CURRENT_PROJECT_VERSION = 1;
				DEVELOPMENT_TEAM = RDTF3XS674;
				GENERATE_INFOPLIST_FILE = YES;
				INFOPLIST_FILE = MyHabits/Info.plist;
				INFOPLIST_KEY_UIApplicationSupportsIndirectInputEvents = YES;
				INFOPLIST_KEY_UILaunchStoryboardName = LaunchScreen;
				INFOPLIST_KEY_UISupportedInterfaceOrientations_iPad = "UIInterfaceOrientationPortrait UIInterfaceOrientationPortraitUpsideDown UIInterfaceOrientationLandscapeLeft UIInterfaceOrientationLandscapeRight";
				INFOPLIST_KEY_UISupportedInterfaceOrientations_iPhone = "UIInterfaceOrientationPortrait UIInterfaceOrientationLandscapeLeft UIInterfaceOrientationLandscapeRight";
				LD_RUNPATH_SEARCH_PATHS = (
					"$(inherited)",
					"@executable_path/Frameworks",
				);
				MARKETING_VERSION = 1.0;
				PRODUCT_BUNDLE_IDENTIFIER = no.MyHabits;
				PRODUCT_NAME = "$(TARGET_NAME)";
				SWIFT_EMIT_LOC_STRINGS = YES;
				SWIFT_VERSION = 5.0;
				TARGETED_DEVICE_FAMILY = "1,2";
			};
			name = Debug;
		};
		4962162E28F7606D0065A4CB /* Release */ = {
			isa = XCBuildConfiguration;
			buildSettings = {
				ASSETCATALOG_COMPILER_APPICON_NAME = AppIcon;
				ASSETCATALOG_COMPILER_GLOBAL_ACCENT_COLOR_NAME = AccentColor;
				CODE_SIGN_STYLE = Automatic;
				CURRENT_PROJECT_VERSION = 1;
				DEVELOPMENT_TEAM = RDTF3XS674;
				GENERATE_INFOPLIST_FILE = YES;
				INFOPLIST_FILE = MyHabits/Info.plist;
				INFOPLIST_KEY_UIApplicationSupportsIndirectInputEvents = YES;
				INFOPLIST_KEY_UILaunchStoryboardName = LaunchScreen;
				INFOPLIST_KEY_UISupportedInterfaceOrientations_iPad = "UIInterfaceOrientationPortrait UIInterfaceOrientationPortraitUpsideDown UIInterfaceOrientationLandscapeLeft UIInterfaceOrientationLandscapeRight";
				INFOPLIST_KEY_UISupportedInterfaceOrientations_iPhone = "UIInterfaceOrientationPortrait UIInterfaceOrientationLandscapeLeft UIInterfaceOrientationLandscapeRight";
				LD_RUNPATH_SEARCH_PATHS = (
					"$(inherited)",
					"@executable_path/Frameworks",
				);
				MARKETING_VERSION = 1.0;
				PRODUCT_BUNDLE_IDENTIFIER = no.MyHabits;
				PRODUCT_NAME = "$(TARGET_NAME)";
				SWIFT_EMIT_LOC_STRINGS = YES;
				SWIFT_VERSION = 5.0;
				TARGETED_DEVICE_FAMILY = "1,2";
			};
			name = Release;
		};
/* End XCBuildConfiguration section */

/* Begin XCConfigurationList section */
		4962161328F7606C0065A4CB /* Build configuration list for PBXProject "MyHabits" */ = {
			isa = XCConfigurationList;
			buildConfigurations = (
				4962162A28F7606D0065A4CB /* Debug */,
				4962162B28F7606D0065A4CB /* Release */,
			);
			defaultConfigurationIsVisible = 0;
			defaultConfigurationName = Release;
		};
		4962162C28F7606D0065A4CB /* Build configuration list for PBXNativeTarget "MyHabits" */ = {
			isa = XCConfigurationList;
			buildConfigurations = (
				4962162D28F7606D0065A4CB /* Debug */,
				4962162E28F7606D0065A4CB /* Release */,
			);
			defaultConfigurationIsVisible = 0;
			defaultConfigurationName = Release;
		};
/* End XCConfigurationList section */
	};
	rootObject = 4962161028F7606C0065A4CB /* Project object */;
}
